
Microsoft Visual Studio Solution File, Format Version 12.00
# Visual Studio Version 17
VisualStudioVersion = 17.9.34728.123
MinimumVisualStudioVersion = 10.0.40219.1
Project("{FAE04EC0-301F-11D3-BF4B-00C04F79EFBC}") = "BlogNest.Web", "BlogNest.Web\BlogNest.Web.csproj", "{6B8AA916-9957-4B2C-9C3B-18B47C5EFE98}"
EndProject
Global
	GlobalSection(SolutionConfigurationPlatforms) = preSolution
		Debug|Any CPU = Debug|Any CPU
		Release|Any CPU = Release|Any CPU
	EndGlobalSection
	GlobalSection(ProjectConfigurationPlatforms) = postSolution
		{6B8AA916-9957-4B2C-9C3B-18B47C5EFE98}.Debug|Any CPU.ActiveCfg = Debug|Any CPU
		{6B8AA916-9957-4B2C-9C3B-18B47C5EFE98}.Debug|Any CPU.Build.0 = Debug|Any CPU
		{6B8AA916-9957-4B2C-9C3B-18B47C5EFE98}.Release|Any CPU.ActiveCfg = Release|Any CPU
		{6B8AA916-9957-4B2C-9C3B-18B47C5EFE98}.Release|Any CPU.Build.0 = Release|Any CPU
	EndGlobalSection
	GlobalSection(SolutionProperties) = preSolution
		HideSolutionNode = FALSE
	EndGlobalSection
	GlobalSection(ExtensibilityGlobals) = postSolution
		SolutionGuid = {4D6E35DB-E0C2-4AF2-A0F1-3F56AD8C0610}
	EndGlobalSection
EndGlobal
